
Microsoft Visual Studio Solution File, Format Version 12.00
# Visual Studio Version 17
VisualStudioVersion = 17.7.34024.191
MinimumVisualStudioVersion = 10.0.40219.1
Project("{FAE04EC0-301F-11D3-BF4B-00C04F79EFBC}") = "primenumbers", "primenumbers.csproj", "{3261EA3C-F641-4CE8-B869-CDDD82FB1FBC}"
EndProject
Global
	GlobalSection(SolutionConfigurationPlatforms) = preSolution
		Debug|Any CPU = Debug|Any CPU
		Release|Any CPU = Release|Any CPU
	EndGlobalSection
	GlobalSection(ProjectConfigurationPlatforms) = postSolution
		{3261EA3C-F641-4CE8-B869-CDDD82FB1FBC}.Debug|Any CPU.ActiveCfg = Debug|Any CPU
		{3261EA3C-F641-4CE8-B869-CDDD82FB1FBC}.Debug|Any CPU.Build.0 = Debug|Any CPU
		{3261EA3C-F641-4CE8-B869-CDDD82FB1FBC}.Release|Any CPU.ActiveCfg = Release|Any CPU
		{3261EA3C-F641-4CE8-B869-CDDD82FB1FBC}.Release|Any CPU.Build.0 = Release|Any CPU
	EndGlobalSection
	GlobalSection(SolutionProperties) = preSolution
		HideSolutionNode = FALSE
	EndGlobalSection
	GlobalSection(ExtensibilityGlobals) = postSolution
		SolutionGuid = {0C01B31F-21D6-4A70-9D55-11522FB29AD5}
	EndGlobalSection
EndGlobal
